{
  "name": "groceryclaw",
  "version": "0.1.0-rc.1",
  "lockfileVersion": 3,
  "requires": true,
  "packages": {
    "": {
      "name": "groceryclaw",
      "version": "0.1.0-rc.1",
      "workspaces": [
        "apps/*",
        "packages/*"
      ],
      "dependencies": {
        "pg": "^8.13.1"
      },
      "devDependencies": {
        "typescript": "^5.6.3",
        "fast-glob": "^3.3.2"
      },
      "engines": {
        "node": ">=20"
      }
    },
    "apps/admin": {
      "name": "@groceryclaw/admin",
      "version": "0.1.0-rc.1",
      "dependencies": {
        "@groceryclaw/common": "0.1.0"
      }
    },
    "apps/gateway": {
      "name": "@groceryclaw/gateway",
      "version": "0.1.0-rc.1",
      "dependencies": {
        "@groceryclaw/common": "0.1.0"
      }
    },
    "apps/worker": {
      "name": "@groceryclaw/worker",
      "version": "0.1.0-rc.1",
      "dependencies": {
        "@groceryclaw/common": "0.1.0"
      }
    },
    "packages/common": {
      "name": "@groceryclaw/common",
      "version": "0.1.0-rc.1"
    },
    "node_modules/@groceryclaw/admin": {
      "resolved": "apps/admin",
      "link": true
    },
    "node_modules/@groceryclaw/gateway": {
      "resolved": "apps/gateway",
      "link": true
    },
    "node_modules/@groceryclaw/worker": {
      "resolved": "apps/worker",
      "link": true
    },
    "node_modules/@groceryclaw/common": {
      "resolved": "packages/common",
      "link": true
    },
    "node_modules/pg": {
      "version": "8.13.1",
      "license": "MIT"
    },
    "node_modules/typescript": {
      "version": "5.6.3",
      "dev": true,
      "license": "Apache-2.0"
    },
    "node_modules/fast-glob": {
      "version": "3.3.2",
      "dev": true,
      "license": "MIT"
    },
    "node_modules/@nodelib/fs.scandir": {
      "version": "2.1.5",
      "dev": true,
      "license": "MIT"
    },
    "node_modules/@nodelib/fs.stat": {
      "version": "2.0.5",
      "dev": true,
      "license": "MIT"
    },
    "node_modules/@nodelib/fs.walk": {
      "version": "1.2.8",
      "dev": true,
      "license": "MIT"
    },
    "node_modules/fastq": {
      "version": "1.19.1",
      "dev": true,
      "license": "ISC"
    },
    "node_modules/glob-parent": {
      "version": "5.1.2",
      "dev": true,
      "license": "ISC"
    },
    "node_modules/is-extglob": {
      "version": "2.1.1",
      "dev": true,
      "license": "MIT"
    },
    "node_modules/is-glob": {
      "version": "4.0.3",
      "dev": true,
      "license": "MIT"
    },
    "node_modules/merge2": {
      "version": "1.4.1",
      "dev": true,
      "license": "MIT"
    },
    "node_modules/micromatch": {
      "version": "4.0.8",
      "dev": true,
      "license": "MIT"
    },
    "node_modules/picomatch": {
      "version": "2.3.1",
      "dev": true,
      "license": "MIT"
    },
    "node_modules/queue-microtask": {
      "version": "1.2.3",
      "dev": true,
      "license": "MIT"
    },
    "node_modules/reusify": {
      "version": "1.1.0",
      "dev": true,
      "license": "MIT"
    },
    "node_modules/run-parallel": {
      "version": "1.2.0",
      "dev": true,
      "license": "MIT"
    },
    "node_modules/to-regex-range": {
      "version": "5.0.1",
      "dev": true,
      "license": "MIT"
    },
    "node_modules/braces": {
      "version": "3.0.3",
      "dev": true,
      "license": "MIT"
    },
    "node_modules/fill-range": {
      "version": "7.1.1",
      "dev": true,
      "license": "MIT"
    },
    "node_modules/is-number": {
      "version": "7.0.0",
      "dev": true,
      "license": "MIT"
    }
  },
  "dependencies": {
    "@groceryclaw/admin": {
      "version": "file:apps/admin"
    },
    "@groceryclaw/gateway": {
      "version": "file:apps/gateway"
    },
    "@groceryclaw/worker": {
      "version": "file:apps/worker"
    },
    "@groceryclaw/common": {
      "version": "file:packages/common"
    },
    "typescript": {
      "version": "5.6.3",
      "dev": true
    },
    "fast-glob": {
      "version": "3.3.2",
      "dev": true
    }
  }
}
